
Microsoft Visual Studio Solution File, Format Version 12.00
# Visual Studio 15
VisualStudioVersion = 15.0.27130.2020
MinimumVisualStudioVersion = 10.0.40219.1
Project("{8BC9CEB8-8B4A-11D0-8D11-00A0C91BC942}") = "BullCowGame", "BullCowGame\BullCowGame.vcxproj", "{E3A90513-8610-4969-89FA-2D69D417484B}"
EndProject
Global
	GlobalSection(SolutionConfigurationPlatforms) = preSolution
		Debug|x64 = Debug|x64
		Debug|x86 = Debug|x86
		Release|x64 = Release|x64
		Release|x86 = Release|x86
	EndGlobalSection
	GlobalSection(ProjectConfigurationPlatforms) = postSolution
		{E3A90513-8610-4969-89FA-2D69D417484B}.Debug|x64.ActiveCfg = Debug|x64
		{E3A90513-8610-4969-89FA-2D69D417484B}.Debug|x64.Build.0 = Debug|x64
		{E3A90513-8610-4969-89FA-2D69D417484B}.Debug|x86.ActiveCfg = Debug|Win32
		{E3A90513-8610-4969-89FA-2D69D417484B}.Debug|x86.Build.0 = Debug|Win32
		{E3A90513-8610-4969-89FA-2D69D417484B}.Release|x64.ActiveCfg = Release|x64
		{E3A90513-8610-4969-89FA-2D69D417484B}.Release|x64.Build.0 = Release|x64
		{E3A90513-8610-4969-89FA-2D69D417484B}.Release|x86.ActiveCfg = Release|Win32
		{E3A90513-8610-4969-89FA-2D69D417484B}.Release|x86.Build.0 = Release|Win32
	EndGlobalSection
	GlobalSection(SolutionProperties) = preSolution
		HideSolutionNode = FALSE
	EndGlobalSection
	GlobalSection(ExtensibilityGlobals) = postSolution
		SolutionGuid = {2651E51F-3B58-4BB0-92AD-C89034F0E29B}
	EndGlobalSection
EndGlobal
